
Microsoft Visual Studio Solution File, Format Version 12.00
# Visual Studio Version 16
VisualStudioVersion = 16.0.31005.135
MinimumVisualStudioVersion = 10.0.40219.1
Project("{9A19103F-16F7-4668-BE54-9A1E7A4F7556}") = "DenverSpeaker", "DenverSpeaker.csproj", "{37875BCF-5C01-4D32-A945-DACE6BC3F483}"
EndProject
Global
	GlobalSection(SolutionConfigurationPlatforms) = preSolution
		Debug|Any CPU = Debug|Any CPU
		Release|Any CPU = Release|Any CPU
	EndGlobalSection
	GlobalSection(ProjectConfigurationPlatforms) = postSolution
		{37875BCF-5C01-4D32-A945-DACE6BC3F483}.Debug|Any CPU.ActiveCfg = Debug|Any CPU
		{37875BCF-5C01-4D32-A945-DACE6BC3F483}.Debug|Any CPU.Build.0 = Debug|Any CPU
		{37875BCF-5C01-4D32-A945-DACE6BC3F483}.Release|Any CPU.ActiveCfg = Release|Any CPU
		{37875BCF-5C01-4D32-A945-DACE6BC3F483}.Release|Any CPU.Build.0 = Release|Any CPU
	EndGlobalSection
	GlobalSection(SolutionProperties) = preSolution
		HideSolutionNode = FALSE
	EndGlobalSection
	GlobalSection(ExtensibilityGlobals) = postSolution
		SolutionGuid = {264E5EE1-0E5C-4B82-AF37-549C8AD8EE7A}
	EndGlobalSection
EndGlobal
